
Microsoft Visual Studio Solution File, Format Version 12.00
# Visual Studio Version 16
VisualStudioVersion = 16.0.30804.86
MinimumVisualStudioVersion = 10.0.40219.1
Project("{FAE04EC0-301F-11D3-BF4B-00C04F79EFBC}") = "AddKiller Spotify", "AddKiller Spotify\AddKiller Spotify.csproj", "{6FE65FD0-7916-4A1D-9669-13092B1B7B64}"
EndProject
Global
	GlobalSection(SolutionConfigurationPlatforms) = preSolution
		Debug|Any CPU = Debug|Any CPU
		Release|Any CPU = Release|Any CPU
	EndGlobalSection
	GlobalSection(ProjectConfigurationPlatforms) = postSolution
		{6FE65FD0-7916-4A1D-9669-13092B1B7B64}.Debug|Any CPU.ActiveCfg = Debug|Any CPU
		{6FE65FD0-7916-4A1D-9669-13092B1B7B64}.Debug|Any CPU.Build.0 = Debug|Any CPU
		{6FE65FD0-7916-4A1D-9669-13092B1B7B64}.Release|Any CPU.ActiveCfg = Release|Any CPU
		{6FE65FD0-7916-4A1D-9669-13092B1B7B64}.Release|Any CPU.Build.0 = Release|Any CPU
	EndGlobalSection
	GlobalSection(SolutionProperties) = preSolution
		HideSolutionNode = FALSE
	EndGlobalSection
	GlobalSection(ExtensibilityGlobals) = postSolution
		SolutionGuid = {9642A6B6-2037-4ADB-965E-A1CD95B7EBAB}
	EndGlobalSection
EndGlobal
